
Microsoft Visual Studio Solution File, Format Version 12.00
# Visual Studio Version 17
VisualStudioVersion = 17.3.32819.101
MinimumVisualStudioVersion = 10.0.40219.1
Project("{FAE04EC0-301F-11D3-BF4B-00C04F79EFBC}") = "BuberDinner.Api", "BuberDinner.Api\BuberDinner.Api\BuberDinner.Api.csproj", "{EEB6D9C3-6613-4578-9BAB-FA11DA15A0ED}"
EndProject
Project("{FAE04EC0-301F-11D3-BF4B-00C04F79EFBC}") = "BuberDinner.Infrastructure", "BuberDinner.Infrastructure\BuberDinner.Infrastructure\BuberDinner.Infrastructure.csproj", "{13D51955-0F9D-4D36-A9C9-6EDA9D1C41D0}"
EndProject
Project("{FAE04EC0-301F-11D3-BF4B-00C04F79EFBC}") = "BuberDinner.Application", "BuberDinner.Application\BuberDinner.Application\BuberDinner.Application.csproj", "{95C43747-523C-4A8C-B2E1-75AE3D073946}"
EndProject
Project("{FAE04EC0-301F-11D3-BF4B-00C04F79EFBC}") = "BuberDinner.Domain", "BuberDinner.Domain\BuberDinner.Domain\BuberDinner.Domain.csproj", "{46936D56-587B-4CCF-A46C-B57EA4C06FBE}"
EndProject
Project("{FAE04EC0-301F-11D3-BF4B-00C04F79EFBC}") = "BuberDinner.Contracts", "BuberDinner.Contracts\BuberDinner.Contracts\BuberDinner.Contracts.csproj", "{E863E780-7558-444D-94A2-E0AE1D2AB9F9}"
EndProject
Global
	GlobalSection(SolutionConfigurationPlatforms) = preSolution
		Debug|Any CPU = Debug|Any CPU
		Release|Any CPU = Release|Any CPU
	EndGlobalSection
	GlobalSection(ProjectConfigurationPlatforms) = postSolution
		{EEB6D9C3-6613-4578-9BAB-FA11DA15A0ED}.Debug|Any CPU.ActiveCfg = Debug|Any CPU
		{EEB6D9C3-6613-4578-9BAB-FA11DA15A0ED}.Debug|Any CPU.Build.0 = Debug|Any CPU
		{EEB6D9C3-6613-4578-9BAB-FA11DA15A0ED}.Release|Any CPU.ActiveCfg = Release|Any CPU
		{EEB6D9C3-6613-4578-9BAB-FA11DA15A0ED}.Release|Any CPU.Build.0 = Release|Any CPU
		{13D51955-0F9D-4D36-A9C9-6EDA9D1C41D0}.Debug|Any CPU.ActiveCfg = Debug|Any CPU
		{13D51955-0F9D-4D36-A9C9-6EDA9D1C41D0}.Debug|Any CPU.Build.0 = Debug|Any CPU
		{13D51955-0F9D-4D36-A9C9-6EDA9D1C41D0}.Release|Any CPU.ActiveCfg = Release|Any CPU
		{13D51955-0F9D-4D36-A9C9-6EDA9D1C41D0}.Release|Any CPU.Build.0 = Release|Any CPU
		{95C43747-523C-4A8C-B2E1-75AE3D073946}.Debug|Any CPU.ActiveCfg = Debug|Any CPU
		{95C43747-523C-4A8C-B2E1-75AE3D073946}.Debug|Any CPU.Build.0 = Debug|Any CPU
		{95C43747-523C-4A8C-B2E1-75AE3D073946}.Release|Any CPU.ActiveCfg = Release|Any CPU
		{95C43747-523C-4A8C-B2E1-75AE3D073946}.Release|Any CPU.Build.0 = Release|Any CPU
		{46936D56-587B-4CCF-A46C-B57EA4C06FBE}.Debug|Any CPU.ActiveCfg = Debug|Any CPU
		{46936D56-587B-4CCF-A46C-B57EA4C06FBE}.Debug|Any CPU.Build.0 = Debug|Any CPU
		{46936D56-587B-4CCF-A46C-B57EA4C06FBE}.Release|Any CPU.ActiveCfg = Release|Any CPU
		{46936D56-587B-4CCF-A46C-B57EA4C06FBE}.Release|Any CPU.Build.0 = Release|Any CPU
		{E863E780-7558-444D-94A2-E0AE1D2AB9F9}.Debug|Any CPU.ActiveCfg = Debug|Any CPU
		{E863E780-7558-444D-94A2-E0AE1D2AB9F9}.Debug|Any CPU.Build.0 = Debug|Any CPU
		{E863E780-7558-444D-94A2-E0AE1D2AB9F9}.Release|Any CPU.ActiveCfg = Release|Any CPU
		{E863E780-7558-444D-94A2-E0AE1D2AB9F9}.Release|Any CPU.Build.0 = Release|Any CPU
	EndGlobalSection
	GlobalSection(SolutionProperties) = preSolution
		HideSolutionNode = FALSE
	EndGlobalSection
	GlobalSection(ExtensibilityGlobals) = postSolution
		SolutionGuid = {EBA7DDE1-2B49-4C4B-AB6D-0BE4BC077046}
	EndGlobalSection
EndGlobal
